// !$*UTF8*$!
{
	archiveVersion = 1;
	classes = {
	};
	objectVersion = 50;
	objects = {

/* Begin PBXBuildFile section */
		D4399B6124FC540C00DF4D63 /* AppDelegate.swift in Sources */ = {isa = PBXBuildFile; fileRef = D4399B6024FC540C00DF4D63 /* AppDelegate.swift */; };
		D4399B6324FC540C00DF4D63 /* SceneDelegate.swift in Sources */ = {isa = PBXBuildFile; fileRef = D4399B6224FC540C00DF4D63 /* SceneDelegate.swift */; };
		D4399B6524FC540C00DF4D63 /* ViewController.swift in Sources */ = {isa = PBXBuildFile; fileRef = D4399B6424FC540C00DF4D63 /* ViewController.swift */; };
		D4399B6824FC540C00DF4D63 /* Main.storyboard in Resources */ = {isa = PBXBuildFile; fileRef = D4399B6624FC540C00DF4D63 /* Main.storyboard */; };
		D4399B6A24FC540E00DF4D63 /* Assets.xcassets in Resources */ = {isa = PBXBuildFile; fileRef = D4399B6924FC540E00DF4D63 /* Assets.xcassets */; };
		D4399B6D24FC540E00DF4D63 /* LaunchScreen.storyboard in Resources */ = {isa = PBXBuildFile; fileRef = D4399B6B24FC540E00DF4D63 /* LaunchScreen.storyboard */; };
/* End PBXBuildFile section */

/* Begin PBXFileReference section */
		D4399B5D24FC540C00DF4D63 /* HaberOKU.app */ = {isa = PBXFileReference; explicitFileType = wrapper.application; includeInIndex = 0; path = HaberOKU.app; sourceTree = BUILT_PRODUCTS_DIR; };
		D4399B6024FC540C00DF4D63 /* AppDelegate.swift */ = {isa = PBXFileReference; lastKnownFileType = sourcecode.swift; path = AppDelegate.swift; sourceTree = "<group>"; };
		D4399B6224FC540C00DF4D63 /* SceneDelegate.swift */ = {isa = PBXFileReference; lastKnownFileType = sourcecode.swift; path = SceneDelegate.swift; sourceTree = "<group>"; };
		D4399B6424FC540C00DF4D63 /* ViewController.swift */ = {isa = PBXFileReference; lastKnownFileType = sourcecode.swift; path = ViewController.swift; sourceTree = "<group>"; };
		D4399B6724FC540C00DF4D63 /* Base */ = {isa = PBXFileReference; lastKnownFileType = file.storyboard; name = Base; path = Base.lproj/Main.storyboard; sourceTree = "<group>"; };
		D4399B6924FC540E00DF4D63 /* Assets.xcassets */ = {isa = PBXFileReference; lastKnownFileType = folder.assetcatalog; path = Assets.xcassets; sourceTree = "<group>"; };
		D4399B6C24FC540E00DF4D63 /* Base */ = {isa = PBXFileReference; lastKnownFileType = file.storyboard; name = Base; path = Base.lproj/LaunchScreen.storyboard; sourceTree = "<group>"; };
		D4399B6E24FC540E00DF4D63 /* Info.plist */ = {isa = PBXFileReference; lastKnownFileType = text.plist.xml; path = Info.plist; sourceTree = "<group>"; };
/* End PBXFileReference section */

/* Begin PBXFrameworksBuildPhase section */
		D4399B5A24FC540C00DF4D63 /* Frameworks */ = {
			isa = PBXFrameworksBuildPhase;
			buildActionMask = 2147483647;
			files = (
			);
			runOnlyForDeploymentPostprocessing = 0;
		};
/* End PBXFrameworksBuildPhase section */

/* Begin PBXGroup section */
		D4399B5424FC540C00DF4D63 = {
			isa = PBXGroup;
			children = (
				D4399B5F24FC540C00DF4D63 /* HaberOKU */,
				D4399B5E24FC540C00DF4D63 /* Products */,
			);
			sourceTree = "<group>";
		};
		D4399B5E24FC540C00DF4D63 /* Products */ = {
			isa = PBXGroup;
			children = (
				D4399B5D24FC540C00DF4D63 /* HaberOKU.app */,
			);
			name = Products;
			sourceTree = "<group>";
		};
		D4399B5F24FC540C00DF4D63 /* HaberOKU */ = {
			isa = PBXGroup;
			children = (
				D4399B6024FC540C00DF4D63 /* AppDelegate.swift */,
				D4399B6224FC540C00DF4D63 /* SceneDelegate.swift */,
				D4399B6424FC540C00DF4D63 /* ViewController.swift */,
				D4399B6624FC540C00DF4D63 /* Main.storyboard */,
				D4399B6924FC540E00DF4D63 /* Assets.xcassets */,
				D4399B6B24FC540E00DF4D63 /* LaunchScreen.storyboard */,
				D4399B6E24FC540E00DF4D63 /* Info.plist */,
			);
			path = HaberOKU;
			sourceTree = "<group>";
		};
/* End PBXGroup section */

/* Begin PBXNativeTarget section */
		D4399B5C24FC540C00DF4D63 /* HaberOKU */ = {
			isa = PBXNativeTarget;
			buildConfigurationList = D4399B7124FC540E00DF4D63 /* Build configuration list for PBXNativeTarget "HaberOKU" */;
			buildPhases = (
				D4399B5924FC540C00DF4D63 /* Sources */,
				D4399B5A24FC540C00DF4D63 /* Frameworks */,
				D4399B5B24FC540C00DF4D63 /* Resources */,
			);
			buildRules = (
			);
			dependencies = (
			);
			name = HaberOKU;
			productName = HaberOKU;
			productReference = D4399B5D24FC540C00DF4D63 /* HaberOKU.app */;
			productType = "com.apple.product-type.application";
		};
/* End PBXNativeTarget section */

/* Begin PBXProject section */
		D4399B5524FC540C00DF4D63 /* Project object */ = {
			isa = PBXProject;
			attributes = {
				LastSwiftUpdateCheck = 1160;
				LastUpgradeCheck = 1160;
				ORGANIZATIONNAME = "Kerim Civelek";
				TargetAttributes = {
					D4399B5C24FC540C00DF4D63 = {
						CreatedOnToolsVersion = 11.6;
					};
				};
			};
			buildConfigurationList = D4399B5824FC540C00DF4D63 /* Build configuration list for PBXProject "HaberOKU" */;
			compatibilityVersion = "Xcode 9.3";
			developmentRegion = en;
			hasScannedForEncodings = 0;
			knownRegions = (
				en,
				Base,
			);
			mainGroup = D4399B5424FC540C00DF4D63;
			productRefGroup = D4399B5E24FC540C00DF4D63 /* Products */;
			projectDirPath = "";
			projectRoot = "";
			targets = (
				D4399B5C24FC540C00DF4D63 /* HaberOKU */,
			);
		};
/* End PBXProject section */

/* Begin PBXResourcesBuildPhase section */
		D4399B5B24FC540C00DF4D63 /* Resources */ = {
			isa = PBXResourcesBuildPhase;
			buildActionMask = 2147483647;
			files = (
				D4399B6D24FC540E00DF4D63 /* LaunchScreen.storyboard in Resources */,
				D4399B6A24FC540E00DF4D63 /* Assets.xcassets in Resources */,
				D4399B6824FC540C00DF4D63 /* Main.storyboard in Resources */,
			);
			runOnlyForDeploymentPostprocessing = 0;
		};
/* End PBXResourcesBuildPhase section */

/* Begin PBXSourcesBuildPhase section */
		D4399B5924FC540C00DF4D63 /* Sources */ = {
			isa = PBXSourcesBuildPhase;
			buildActionMask = 2147483647;
			files = (
				D4399B6524FC540C00DF4D63 /* ViewController.swift in Sources */,
				D4399B6124FC540C00DF4D63 /* AppDelegate.swift in Sources */,
				D4399B6324FC540C00DF4D63 /* SceneDelegate.swift in Sources */,
			);
			runOnlyForDeploymentPostprocessing = 0;
		};
/* End PBXSourcesBuildPhase section */

/* Begin PBXVariantGroup section */
		D4399B6624FC540C00DF4D63 /* Main.storyboard */ = {
			isa = PBXVariantGroup;
			children = (
				D4399B6724FC540C00DF4D63 /* Base */,
			);
			name = Main.storyboard;
			sourceTree = "<group>";
		};
		D4399B6B24FC540E00DF4D63 /* LaunchScreen.storyboard */ = {
			isa = PBXVariantGroup;
			children = (
				D4399B6C24FC540E00DF4D63 /* Base */,
			);
			name = LaunchScreen.storyboard;
			sourceTree = "<group>";
		};
/* End PBXVariantGroup section */

/* Begin XCBuildConfiguration section */
		D4399B6F24FC540E00DF4D63 /* Debug */ = {
			isa = XCBuildConfiguration;
			buildSettings = {
				ALWAYS_SEARCH_USER_PATHS = NO;
				CLANG_ANALYZER_NONNULL = YES;
				CLANG_ANALYZER_NUMBER_OBJECT_CONVERSION = YES_AGGRESSIVE;
				CLANG_CXX_LANGUAGE_STANDARD = "gnu++14";
				CLANG_CXX_LIBRARY = "libc++";
				CLANG_ENABLE_MODULES = YES;
				CLANG_ENABLE_OBJC_ARC = YES;
				CLANG_ENABLE_OBJC_WEAK = YES;
				CLANG_WARN_BLOCK_CAPTURE_AUTORELEASING = YES;
				CLANG_WARN_BOOL_CONVERSION = YES;
				CLANG_WARN_COMMA = YES;
				CLANG_WARN_CONSTANT_CONVERSION = YES;
				CLANG_WARN_DEPRECATED_OBJC_IMPLEMENTATIONS = YES;
				CLANG_WARN_DIRECT_OBJC_ISA_USAGE = YES_ERROR;
				CLANG_WARN_DOCUMENTATION_COMMENTS = YES;
				CLANG_WARN_EMPTY_BODY = YES;
				CLANG_WARN_ENUM_CONVERSION = YES;
				CLANG_WARN_INFINITE_RECURSION = YES;
				CLANG_WARN_INT_CONVERSION = YES;
				CLANG_WARN_NON_LITERAL_NULL_CONVERSION = YES;
				CLANG_WARN_OBJC_IMPLICIT_RETAIN_SELF = YES;
				CLANG_WARN_OBJC_LITERAL_CONVERSION = YES;
				CLANG_WARN_OBJC_ROOT_CLASS = YES_ERROR;
				CLANG_WARN_RANGE_LOOP_ANALYSIS = YES;
				CLANG_WARN_STRICT_PROTOTYPES = YES;
				CLANG_WARN_SUSPICIOUS_MOVE = YES;
				CLANG_WARN_UNGUARDED_AVAILABILITY = YES_AGGRESSIVE;
				CLANG_WARN_UNREACHABLE_CODE = YES;
				CLANG_WARN__DUPLICATE_METHOD_MATCH = YES;
				COPY_PHASE_STRIP = NO;
				DEBUG_INFORMATION_FORMAT = dwarf;
				ENABLE_STRICT_OBJC_MSGSEND = YES;
				ENABLE_TESTABILITY = YES;
				GCC_C_LANGUAGE_STANDARD = gnu11;
				GCC_DYNAMIC_NO_PIC = NO;
				GCC_NO_COMMON_BLOCKS = YES;
				GCC_OPTIMIZATION_LEVEL = 0;
				GCC_PREPROCESSOR_DEFINITIONS = (
					"DEBUG=1",
					"$(inherited)",
				);
				GCC_WARN_64_TO_32_BIT_CONVERSION = YES;
				GCC_WARN_ABOUT_RETURN_TYPE = YES_ERROR;
				GCC_WARN_UNDECLARED_SELECTOR = YES;
				GCC_WARN_UNINITIALIZED_AUTOS = YES_AGGRESSIVE;
				GCC_WARN_UNUSED_FUNCTION = YES;
				GCC_WARN_UNUSED_VARIABLE = YES;
				IPHONEOS_DEPLOYMENT_TARGET = 13.6;
				MTL_ENABLE_DEBUG_INFO = INCLUDE_SOURCE;
				MTL_FAST_MATH = YES;
				ONLY_ACTIVE_ARCH = YES;
				SDKROOT = iphoneos;
				SWIFT_ACTIVE_COMPILATION_CONDITIONS = DEBUG;
				SWIFT_OPTIMIZATION_LEVEL = "-Onone";
			};
			name = Debug;
		};
		D4399B7024FC540E00DF4D63 /* Release */ = {
			isa = XCBuildConfiguration;
			buildSettings = {
				ALWAYS_SEARCH_USER_PATHS = NO;
				CLANG_ANALYZER_NONNULL = YES;
				CLANG_ANALYZER_NUMBER_OBJECT_CONVERSION = YES_AGGRESSIVE;
				CLANG_CXX_LANGUAGE_STANDARD = "gnu++14";
				CLANG_CXX_LIBRARY = "libc++";
				CLANG_ENABLE_MODULES = YES;
				CLANG_ENABLE_OBJC_ARC = YES;
				CLANG_ENABLE_OBJC_WEAK = YES;
				CLANG_WARN_BLOCK_CAPTURE_AUTORELEASING = YES;
				CLANG_WARN_BOOL_CONVERSION = YES;
				CLANG_WARN_COMMA = YES;
				CLANG_WARN_CONSTANT_CONVERSION = YES;
				CLANG_WARN_DEPRECATED_OBJC_IMPLEMENTATIONS = YES;
				CLANG_WARN_DIRECT_OBJC_ISA_USAGE = YES_ERROR;
				CLANG_WARN_DOCUMENTATION_COMMENTS = YES;
				CLANG_WARN_EMPTY_BODY = YES;
				CLANG_WARN_ENUM_CONVERSION = YES;
				CLANG_WARN_INFINITE_RECURSION = YES;
				CLANG_WARN_INT_CONVERSION = YES;
				CLANG_WARN_NON_LITERAL_NULL_CONVERSION = YES;
				CLANG_WARN_OBJC_IMPLICIT_RETAIN_SELF = YES;
				CLANG_WARN_OBJC_LITERAL_CONVERSION = YES;
				CLANG_WARN_OBJC_ROOT_CLASS = YES_ERROR;
				CLANG_WARN_RANGE_LOOP_ANALYSIS = YES;
				CLANG_WARN_STRICT_PROTOTYPES = YES;
				CLANG_WARN_SUSPICIOUS_MOVE = YES;
				CLANG_WARN_UNGUARDED_AVAILABILITY = YES_AGGRESSIVE;
				CLANG_WARN_UNREACHABLE_CODE = YES;
				CLANG_WARN__DUPLICATE_METHOD_MATCH = YES;
				COPY_PHASE_STRIP = NO;
				DEBUG_INFORMATION_FORMAT = "dwarf-with-dsym";
				ENABLE_NS_ASSERTIONS = NO;
				ENABLE_STRICT_OBJC_MSGSEND = YES;
				GCC_C_LANGUAGE_STANDARD = gnu11;
				GCC_NO_COMMON_BLOCKS = YES;
				GCC_WARN_64_TO_32_BIT_CONVERSION = YES;
				GCC_WARN_ABOUT_RETURN_TYPE = YES_ERROR;
				GCC_WARN_UNDECLARED_SELECTOR = YES;
				GCC_WARN_UNINITIALIZED_AUTOS = YES_AGGRESSIVE;
				GCC_WARN_UNUSED_FUNCTION = YES;
				GCC_WARN_UNUSED_VARIABLE = YES;
				IPHONEOS_DEPLOYMENT_TARGET = 13.6;
				MTL_ENABLE_DEBUG_INFO = NO;
				MTL_FAST_MATH = YES;
				SDKROOT = iphoneos;
				SWIFT_COMPILATION_MODE = wholemodule;
				SWIFT_OPTIMIZATION_LEVEL = "-O";
				VALIDATE_PRODUCT = YES;
			};
			name = Release;
		};
		D4399B7224FC540E00DF4D63 /* Debug */ = {
			isa = XCBuildConfiguration;
			buildSettings = {
				ASSETCATALOG_COMPILER_APPICON_NAME = AppIcon;
				CODE_SIGN_STYLE = Automatic;
				DEVELOPMENT_TEAM = 5N289R4VJQ;
				INFOPLIST_FILE = HaberOKU/Info.plist;
				LD_RUNPATH_SEARCH_PATHS = (
					"$(inherited)",
					"@executable_path/Frameworks",
				);
				PRODUCT_BUNDLE_IDENTIFIER = com.kerimcivelek.HaberOKU;
				PRODUCT_NAME = "$(TARGET_NAME)";
				SWIFT_VERSION = 5.0;
				TARGETED_DEVICE_FAMILY = "1,2";
			};
			name = Debug;
		};
		D4399B7324FC540E00DF4D63 /* Release */ = {
			isa = XCBuildConfiguration;
			buildSettings = {
				ASSETCATALOG_COMPILER_APPICON_NAME = AppIcon;
				CODE_SIGN_STYLE = Automatic;
				DEVELOPMENT_TEAM = 5N289R4VJQ;
				INFOPLIST_FILE = HaberOKU/Info.plist;
				LD_RUNPATH_SEARCH_PATHS = (
					"$(inherited)",
					"@executable_path/Frameworks",
				);
				PRODUCT_BUNDLE_IDENTIFIER = com.kerimcivelek.HaberOKU;
				PRODUCT_NAME = "$(TARGET_NAME)";
				SWIFT_VERSION = 5.0;
				TARGETED_DEVICE_FAMILY = "1,2";
			};
			name = Release;
		};
/* End XCBuildConfiguration section */

/* Begin XCConfigurationList section */
		D4399B5824FC540C00DF4D63 /* Build configuration list for PBXProject "HaberOKU" */ = {
			isa = XCConfigurationList;
			buildConfigurations = (
				D4399B6F24FC540E00DF4D63 /* Debug */,
				D4399B7024FC540E00DF4D63 /* Release */,
			);
			defaultConfigurationIsVisible = 0;
			defaultConfigurationName = Release;
		};
		D4399B7124FC540E00DF4D63 /* Build configuration list for PBXNativeTarget "HaberOKU" */ = {
			isa = XCConfigurationList;
			buildConfigurations = (
				D4399B7224FC540E00DF4D63 /* Debug */,
				D4399B7324FC540E00DF4D63 /* Release */,
			);
			defaultConfigurationIsVisible = 0;
			defaultConfigurationName = Release;
		};
/* End XCConfigurationList section */
	};
	rootObject = D4399B5524FC540C00DF4D63 /* Project object */;
}
